
Microsoft Visual Studio Solution File, Format Version 12.00
Project("{FAE04EC0-301F-11D3-BF4B-00C04F79EFBC}") = "chessmaster", "chessmaster.csproj", "{CBF5266F-06A0-4874-9405-597862AE49CF}"
EndProject
Global
	GlobalSection(SolutionConfigurationPlatforms) = preSolution
		Debug|Any CPU = Debug|Any CPU
		Release|Any CPU = Release|Any CPU
	EndGlobalSection
	GlobalSection(ProjectConfigurationPlatforms) = postSolution
		{CBF5266F-06A0-4874-9405-597862AE49CF}.Debug|Any CPU.ActiveCfg = Debug|Any CPU
		{CBF5266F-06A0-4874-9405-597862AE49CF}.Debug|Any CPU.Build.0 = Debug|Any CPU
		{CBF5266F-06A0-4874-9405-597862AE49CF}.Release|Any CPU.ActiveCfg = Release|Any CPU
		{CBF5266F-06A0-4874-9405-597862AE49CF}.Release|Any CPU.Build.0 = Release|Any CPU
	EndGlobalSection
EndGlobal
